{
  "name": "mongo-query-sanitize",
  "version": "1.0.0",
  "lockfileVersion": 1,
  "requires": true,
  "dependencies": {
    "regexp-tree": {
      "version": "0.1.5",
      "resolved": "https://registry.npmjs.org/regexp-tree/-/regexp-tree-0.1.5.tgz",
      "integrity": "sha512-nUmxvfJyAODw+0B13hj8CFVAxhe7fDEAgJgaotBu3nnR+IgGgZq59YedJP5VYTlkEfqjuK6TuRpnymKdatLZfQ=="
    },
    "safe-regex": {
      "version": "2.0.2",
      "resolved": "https://registry.npmjs.org/safe-regex/-/safe-regex-2.0.2.tgz",
      "integrity": "sha512-rRALJT0mh4qVFIJ9HvfjKDN77F9vp7kltOpFFI/8e6oKyHFmmxz4aSkY/YVauRDe7U0RrHdw9Lsxdel3E19s0A==",
      "requires": {
        "regexp-tree": "~0.1.1"
      }
    }
  }
}
